Microsoft Visual Studio Solution File, Format Version 12.00
# Visual Studio 14
Project("{2150E333-8FDC-42A3-9474-1A3956D46DE8}") = "CMakeTargets", "CMakeTargets", "{F9303CF4-E480-33F9-8117-545F31BF8E53}"
EndProject
Project("{2150E333-8FDC-42A3-9474-1A3956D46DE8}") = "ExternalProjectTargets", "ExternalProjectTargets", "{3E93C08F-3C05-3DA0-B230-0A3AB86A3778}"
EndProject
Project("{2150E333-8FDC-42A3-9474-1A3956D46DE8}") = "gflags", "ExternalProjectTargets\gflags", "{2D1182C4-656E-3497-8056-94CB08DD33EB}"
EndProject
Project("{2150E333-8FDC-42A3-9474-1A3956D46DE8}") = "glog", "ExternalProjectTargets\glog", "{31AF8A94-336F-392B-AA35-E1D780890A50}"
EndProject
Project("{2150E333-8FDC-42A3-9474-1A3956D46DE8}") = "examples", "examples", "{0CA22947-0EF7-380D-A902-EFA4351B3B47}"
EndProject
Project("{2150E333-8FDC-42A3-9474-1A3956D46DE8}") = "tools", "tools", "{B0F9DDB4-C6B6-3927-9C97-67D2C10DD58A}"
EndProject
Project("{8BC9CEB8-8B4A-11D0-8D11-00A0C91BC942}") = "ALL_BUILD", "ALL_BUILD.vcxproj", "{097B6ED3-7917-3F3E-8FBE-7A5905DFFDAE}"
	ProjectSection(ProjectDependencies) = postProject
		{47A97F50-070E-3D67-B7FE-8C7159184EB7} = {47A97F50-070E-3D67-B7FE-8C7159184EB7}
		{C04C0FBF-257E-357E-9DEC-7198C7D4A15C} = {C04C0FBF-257E-357E-9DEC-7198C7D4A15C}
		{6E4B05CC-7831-32BC-8DBE-1655A309C0A8} = {6E4B05CC-7831-32BC-8DBE-1655A309C0A8}
		{2D6E9241-D7D0-3D36-BF38-39F934E8BC5F} = {2D6E9241-D7D0-3D36-BF38-39F934E8BC5F}
		{7F0C0A02-8C0C-33EA-BA34-2986E3183FA5} = {7F0C0A02-8C0C-33EA-BA34-2986E3183FA5}
		{12C393F9-6FF6-3CA6-A034-A0EAEA2C2496} = {12C393F9-6FF6-3CA6-A034-A0EAEA2C2496}
		{5AB55144-95C7-3AA3-9C8F-81CF9903A5E3} = {5AB55144-95C7-3AA3-9C8F-81CF9903A5E3}
		{1E98CCC4-AC04-3DAD-98DD-F946BEDD47F3} = {1E98CCC4-AC04-3DAD-98DD-F946BEDD47F3}
		{0499560C-ABBB-37B4-A1F5-86EA5B21E675} = {0499560C-ABBB-37B4-A1F5-86EA5B21E675}
		{55486A97-DAB9-386C-8B0A-EA52F7768307} = {55486A97-DAB9-386C-8B0A-EA52F7768307}
		{64D72FD5-D8B7-35CB-829F-B3E29D37040D} = {64D72FD5-D8B7-35CB-829F-B3E29D37040D}
		{5A59060C-46FB-3540-AD7F-68B2817BC10D} = {5A59060C-46FB-3540-AD7F-68B2817BC10D}
		{23F744C9-C39D-351D-AE65-519B10CAF08C} = {23F744C9-C39D-351D-AE65-519B10CAF08C}
		{547EE372-E500-338A-A85B-46A82F46A94D} = {547EE372-E500-338A-A85B-46A82F46A94D}
		{6D9FD90C-3CA4-3F3B-A804-3A92FEC89747} = {6D9FD90C-3CA4-3F3B-A804-3A92FEC89747}
		{283205CD-C70B-3E3F-8F41-55597F6D6C95} = {283205CD-C70B-3E3F-8F41-55597F6D6C95}
		{88812B9D-158B-35F6-A646-58C0574770C2} = {88812B9D-158B-35F6-A646-58C0574770C2}
		{54B0034E-7C2E-3E13-9736-56F10636C466} = {54B0034E-7C2E-3E13-9736-56F10636C466}
		{79F2201D-9077-3678-81CA-69660D86D11D} = {79F2201D-9077-3678-81CA-69660D86D11D}
	EndProjectSection
EndProject
Project("{8BC9CEB8-8B4A-11D0-8D11-00A0C91BC942}") = "INSTALL", "INSTALL.vcxproj", "{51C0F4E5-509F-3522-B1CF-0CD186ACA0FB}"
	ProjectSection(ProjectDependencies) = postProject
		{097B6ED3-7917-3F3E-8FBE-7A5905DFFDAE} = {097B6ED3-7917-3F3E-8FBE-7A5905DFFDAE}
		{47A97F50-070E-3D67-B7FE-8C7159184EB7} = {47A97F50-070E-3D67-B7FE-8C7159184EB7}
	EndProjectSection
EndProject
Project("{8BC9CEB8-8B4A-11D0-8D11-00A0C91BC942}") = "ZERO_CHECK", "ZERO_CHECK.vcxproj", "{47A97F50-070E-3D67-B7FE-8C7159184EB7}"
	ProjectSection(ProjectDependencies) = postProject
	EndProjectSection
EndProject
Project("{8BC9CEB8-8B4A-11D0-8D11-00A0C91BC942}") = "caffe", "src\caffe\caffe.vcxproj", "{C04C0FBF-257E-357E-9DEC-7198C7D4A15C}"
	ProjectSection(ProjectDependencies) = postProject
		{47A97F50-070E-3D67-B7FE-8C7159184EB7} = {47A97F50-070E-3D67-B7FE-8C7159184EB7}
		{0499560C-ABBB-37B4-A1F5-86EA5B21E675} = {0499560C-ABBB-37B4-A1F5-86EA5B21E675}
		{55486A97-DAB9-386C-8B0A-EA52F7768307} = {55486A97-DAB9-386C-8B0A-EA52F7768307}
		{5A59060C-46FB-3540-AD7F-68B2817BC10D} = {5A59060C-46FB-3540-AD7F-68B2817BC10D}
	EndProjectSection
EndProject
Project("{8BC9CEB8-8B4A-11D0-8D11-00A0C91BC942}") = "caffe.bin", "tools\caffe.bin.vcxproj", "{6E4B05CC-7831-32BC-8DBE-1655A309C0A8}"
	ProjectSection(ProjectDependencies) = postProject
		{47A97F50-070E-3D67-B7FE-8C7159184EB7} = {47A97F50-070E-3D67-B7FE-8C7159184EB7}
		{C04C0FBF-257E-357E-9DEC-7198C7D4A15C} = {C04C0FBF-257E-357E-9DEC-7198C7D4A15C}
		{0499560C-ABBB-37B4-A1F5-86EA5B21E675} = {0499560C-ABBB-37B4-A1F5-86EA5B21E675}
		{55486A97-DAB9-386C-8B0A-EA52F7768307} = {55486A97-DAB9-386C-8B0A-EA52F7768307}
		{5A59060C-46FB-3540-AD7F-68B2817BC10D} = {5A59060C-46FB-3540-AD7F-68B2817BC10D}
	EndProjectSection
EndProject
Project("{8BC9CEB8-8B4A-11D0-8D11-00A0C91BC942}") = "compute_image_mean", "tools\compute_image_mean.vcxproj", "{2D6E9241-D7D0-3D36-BF38-39F934E8BC5F}"
	ProjectSection(ProjectDependencies) = postProject
		{47A97F50-070E-3D67-B7FE-8C7159184EB7} = {47A97F50-070E-3D67-B7FE-8C7159184EB7}
		{C04C0FBF-257E-357E-9DEC-7198C7D4A15C} = {C04C0FBF-257E-357E-9DEC-7198C7D4A15C}
		{0499560C-ABBB-37B4-A1F5-86EA5B21E675} = {0499560C-ABBB-37B4-A1F5-86EA5B21E675}
		{55486A97-DAB9-386C-8B0A-EA52F7768307} = {55486A97-DAB9-386C-8B0A-EA52F7768307}
		{5A59060C-46FB-3540-AD7F-68B2817BC10D} = {5A59060C-46FB-3540-AD7F-68B2817BC10D}
	EndProjectSection
EndProject
Project("{8BC9CEB8-8B4A-11D0-8D11-00A0C91BC942}") = "convert_imageset", "tools\convert_imageset.vcxproj", "{7F0C0A02-8C0C-33EA-BA34-2986E3183FA5}"
	ProjectSection(ProjectDependencies) = postProject
		{47A97F50-070E-3D67-B7FE-8C7159184EB7} = {47A97F50-070E-3D67-B7FE-8C7159184EB7}
		{C04C0FBF-257E-357E-9DEC-7198C7D4A15C} = {C04C0FBF-257E-357E-9DEC-7198C7D4A15C}
		{0499560C-ABBB-37B4-A1F5-86EA5B21E675} = {0499560C-ABBB-37B4-A1F5-86EA5B21E675}
		{55486A97-DAB9-386C-8B0A-EA52F7768307} = {55486A97-DAB9-386C-8B0A-EA52F7768307}
		{5A59060C-46FB-3540-AD7F-68B2817BC10D} = {5A59060C-46FB-3540-AD7F-68B2817BC10D}
	EndProjectSection
EndProject
Project("{8BC9CEB8-8B4A-11D0-8D11-00A0C91BC942}") = "device_query", "tools\device_query.vcxproj", "{12C393F9-6FF6-3CA6-A034-A0EAEA2C2496}"
	ProjectSection(ProjectDependencies) = postProject
		{47A97F50-070E-3D67-B7FE-8C7159184EB7} = {47A97F50-070E-3D67-B7FE-8C7159184EB7}
		{C04C0FBF-257E-357E-9DEC-7198C7D4A15C} = {C04C0FBF-257E-357E-9DEC-7198C7D4A15C}
		{0499560C-ABBB-37B4-A1F5-86EA5B21E675} = {0499560C-ABBB-37B4-A1F5-86EA5B21E675}
		{55486A97-DAB9-386C-8B0A-EA52F7768307} = {55486A97-DAB9-386C-8B0A-EA52F7768307}
		{5A59060C-46FB-3540-AD7F-68B2817BC10D} = {5A59060C-46FB-3540-AD7F-68B2817BC10D}
	EndProjectSection
EndProject
Project("{8BC9CEB8-8B4A-11D0-8D11-00A0C91BC942}") = "extract_features", "tools\extract_features.vcxproj", "{5AB55144-95C7-3AA3-9C8F-81CF9903A5E3}"
	ProjectSection(ProjectDependencies) = postProject
		{47A97F50-070E-3D67-B7FE-8C7159184EB7} = {47A97F50-070E-3D67-B7FE-8C7159184EB7}
		{C04C0FBF-257E-357E-9DEC-7198C7D4A15C} = {C04C0FBF-257E-357E-9DEC-7198C7D4A15C}
		{0499560C-ABBB-37B4-A1F5-86EA5B21E675} = {0499560C-ABBB-37B4-A1F5-86EA5B21E675}
		{55486A97-DAB9-386C-8B0A-EA52F7768307} = {55486A97-DAB9-386C-8B0A-EA52F7768307}
		{5A59060C-46FB-3540-AD7F-68B2817BC10D} = {5A59060C-46FB-3540-AD7F-68B2817BC10D}
	EndProjectSection
EndProject
Project("{8BC9CEB8-8B4A-11D0-8D11-00A0C91BC942}") = "finetune_net", "tools\finetune_net.vcxproj", "{1E98CCC4-AC04-3DAD-98DD-F946BEDD47F3}"
	ProjectSection(ProjectDependencies) = postProject
		{47A97F50-070E-3D67-B7FE-8C7159184EB7} = {47A97F50-070E-3D67-B7FE-8C7159184EB7}
		{C04C0FBF-257E-357E-9DEC-7198C7D4A15C} = {C04C0FBF-257E-357E-9DEC-7198C7D4A15C}
		{0499560C-ABBB-37B4-A1F5-86EA5B21E675} = {0499560C-ABBB-37B4-A1F5-86EA5B21E675}
		{55486A97-DAB9-386C-8B0A-EA52F7768307} = {55486A97-DAB9-386C-8B0A-EA52F7768307}
		{5A59060C-46FB-3540-AD7F-68B2817BC10D} = {5A59060C-46FB-3540-AD7F-68B2817BC10D}
	EndProjectSection
EndProject
Project("{8BC9CEB8-8B4A-11D0-8D11-00A0C91BC942}") = "gflags", "gflags.vcxproj", "{0499560C-ABBB-37B4-A1F5-86EA5B21E675}"
	ProjectSection(ProjectDependencies) = postProject
		{47A97F50-070E-3D67-B7FE-8C7159184EB7} = {47A97F50-070E-3D67-B7FE-8C7159184EB7}
	EndProjectSection
EndProject
Project("{8BC9CEB8-8B4A-11D0-8D11-00A0C91BC942}") = "glog", "glog.vcxproj", "{55486A97-DAB9-386C-8B0A-EA52F7768307}"
	ProjectSection(ProjectDependencies) = postProject
		{47A97F50-070E-3D67-B7FE-8C7159184EB7} = {47A97F50-070E-3D67-B7FE-8C7159184EB7}
		{0499560C-ABBB-37B4-A1F5-86EA5B21E675} = {0499560C-ABBB-37B4-A1F5-86EA5B21E675}
	EndProjectSection
EndProject
Project("{8BC9CEB8-8B4A-11D0-8D11-00A0C91BC942}") = "gtest", "src\gtest\gtest.vcxproj", "{11785854-072C-3B64-BD56-ECE4B1FC387D}"
	ProjectSection(ProjectDependencies) = postProject
		{47A97F50-070E-3D67-B7FE-8C7159184EB7} = {47A97F50-070E-3D67-B7FE-8C7159184EB7}
		{0499560C-ABBB-37B4-A1F5-86EA5B21E675} = {0499560C-ABBB-37B4-A1F5-86EA5B21E675}
		{55486A97-DAB9-386C-8B0A-EA52F7768307} = {55486A97-DAB9-386C-8B0A-EA52F7768307}
	EndProjectSection
EndProject
Project("{8BC9CEB8-8B4A-11D0-8D11-00A0C91BC942}") = "lint", "lint.vcxproj", "{1564BF4D-7B0C-33D4-8E61-6033FC092054}"
	ProjectSection(ProjectDependencies) = postProject
		{47A97F50-070E-3D67-B7FE-8C7159184EB7} = {47A97F50-070E-3D67-B7FE-8C7159184EB7}
	EndProjectSection
EndProject
Project("{8BC9CEB8-8B4A-11D0-8D11-00A0C91BC942}") = "net_speed_benchmark", "tools\net_speed_benchmark.vcxproj", "{64D72FD5-D8B7-35CB-829F-B3E29D37040D}"
	ProjectSection(ProjectDependencies) = postProject
		{47A97F50-070E-3D67-B7FE-8C7159184EB7} = {47A97F50-070E-3D67-B7FE-8C7159184EB7}
		{C04C0FBF-257E-357E-9DEC-7198C7D4A15C} = {C04C0FBF-257E-357E-9DEC-7198C7D4A15C}
		{0499560C-ABBB-37B4-A1F5-86EA5B21E675} = {0499560C-ABBB-37B4-A1F5-86EA5B21E675}
		{55486A97-DAB9-386C-8B0A-EA52F7768307} = {55486A97-DAB9-386C-8B0A-EA52F7768307}
		{5A59060C-46FB-3540-AD7F-68B2817BC10D} = {5A59060C-46FB-3540-AD7F-68B2817BC10D}
	EndProjectSection
EndProject
Project("{8BC9CEB8-8B4A-11D0-8D11-00A0C91BC942}") = "proto", "src\caffe\proto.vcxproj", "{5A59060C-46FB-3540-AD7F-68B2817BC10D}"
	ProjectSection(ProjectDependencies) = postProject
		{47A97F50-070E-3D67-B7FE-8C7159184EB7} = {47A97F50-070E-3D67-B7FE-8C7159184EB7}
		{0499560C-ABBB-37B4-A1F5-86EA5B21E675} = {0499560C-ABBB-37B4-A1F5-86EA5B21E675}
		{55486A97-DAB9-386C-8B0A-EA52F7768307} = {55486A97-DAB9-386C-8B0A-EA52F7768307}
	EndProjectSection
EndProject
Project("{8BC9CEB8-8B4A-11D0-8D11-00A0C91BC942}") = "pycaffe", "python\pycaffe.vcxproj", "{23F744C9-C39D-351D-AE65-519B10CAF08C}"
	ProjectSection(ProjectDependencies) = postProject
		{47A97F50-070E-3D67-B7FE-8C7159184EB7} = {47A97F50-070E-3D67-B7FE-8C7159184EB7}
		{C04C0FBF-257E-357E-9DEC-7198C7D4A15C} = {C04C0FBF-257E-357E-9DEC-7198C7D4A15C}
		{0499560C-ABBB-37B4-A1F5-86EA5B21E675} = {0499560C-ABBB-37B4-A1F5-86EA5B21E675}
		{55486A97-DAB9-386C-8B0A-EA52F7768307} = {55486A97-DAB9-386C-8B0A-EA52F7768307}
		{5A59060C-46FB-3540-AD7F-68B2817BC10D} = {5A59060C-46FB-3540-AD7F-68B2817BC10D}
	EndProjectSection
EndProject
Project("{8BC9CEB8-8B4A-11D0-8D11-00A0C91BC942}") = "pytest", "pytest.vcxproj", "{0A673749-5CC8-370A-93A9-56790CA10C2D}"
	ProjectSection(ProjectDependencies) = postProject
		{47A97F50-070E-3D67-B7FE-8C7159184EB7} = {47A97F50-070E-3D67-B7FE-8C7159184EB7}
		{23F744C9-C39D-351D-AE65-519B10CAF08C} = {23F744C9-C39D-351D-AE65-519B10CAF08C}
	EndProjectSection
EndProject
Project("{8BC9CEB8-8B4A-11D0-8D11-00A0C91BC942}") = "rtpose", "examples\rtpose.vcxproj", "{547EE372-E500-338A-A85B-46A82F46A94D}"
	ProjectSection(ProjectDependencies) = postProject
		{47A97F50-070E-3D67-B7FE-8C7159184EB7} = {47A97F50-070E-3D67-B7FE-8C7159184EB7}
		{C04C0FBF-257E-357E-9DEC-7198C7D4A15C} = {C04C0FBF-257E-357E-9DEC-7198C7D4A15C}
		{0499560C-ABBB-37B4-A1F5-86EA5B21E675} = {0499560C-ABBB-37B4-A1F5-86EA5B21E675}
		{55486A97-DAB9-386C-8B0A-EA52F7768307} = {55486A97-DAB9-386C-8B0A-EA52F7768307}
		{5A59060C-46FB-3540-AD7F-68B2817BC10D} = {5A59060C-46FB-3540-AD7F-68B2817BC10D}
	EndProjectSection
EndProject
Project("{8BC9CEB8-8B4A-11D0-8D11-00A0C91BC942}") = "runtest", "src\caffe\test\runtest.vcxproj", "{4091E10F-DC64-34BF-83D9-E9BF7FAB5175}"
	ProjectSection(ProjectDependencies) = postProject
		{47A97F50-070E-3D67-B7FE-8C7159184EB7} = {47A97F50-070E-3D67-B7FE-8C7159184EB7}
		{CD32E2D0-51AE-35CF-B39F-9BF8647D43E1} = {CD32E2D0-51AE-35CF-B39F-9BF8647D43E1}
	EndProjectSection
EndProject
Project("{8BC9CEB8-8B4A-11D0-8D11-00A0C91BC942}") = "test.testbin", "src\caffe\test\test.testbin.vcxproj", "{CD32E2D0-51AE-35CF-B39F-9BF8647D43E1}"
	ProjectSection(ProjectDependencies) = postProject
		{47A97F50-070E-3D67-B7FE-8C7159184EB7} = {47A97F50-070E-3D67-B7FE-8C7159184EB7}
		{C04C0FBF-257E-357E-9DEC-7198C7D4A15C} = {C04C0FBF-257E-357E-9DEC-7198C7D4A15C}
		{0499560C-ABBB-37B4-A1F5-86EA5B21E675} = {0499560C-ABBB-37B4-A1F5-86EA5B21E675}
		{55486A97-DAB9-386C-8B0A-EA52F7768307} = {55486A97-DAB9-386C-8B0A-EA52F7768307}
		{11785854-072C-3B64-BD56-ECE4B1FC387D} = {11785854-072C-3B64-BD56-ECE4B1FC387D}
		{5A59060C-46FB-3540-AD7F-68B2817BC10D} = {5A59060C-46FB-3540-AD7F-68B2817BC10D}
	EndProjectSection
EndProject
Project("{8BC9CEB8-8B4A-11D0-8D11-00A0C91BC942}") = "test_net", "tools\test_net.vcxproj", "{6D9FD90C-3CA4-3F3B-A804-3A92FEC89747}"
	ProjectSection(ProjectDependencies) = postProject
		{47A97F50-070E-3D67-B7FE-8C7159184EB7} = {47A97F50-070E-3D67-B7FE-8C7159184EB7}
		{C04C0FBF-257E-357E-9DEC-7198C7D4A15C} = {C04C0FBF-257E-357E-9DEC-7198C7D4A15C}
		{0499560C-ABBB-37B4-A1F5-86EA5B21E675} = {0499560C-ABBB-37B4-A1F5-86EA5B21E675}
		{55486A97-DAB9-386C-8B0A-EA52F7768307} = {55486A97-DAB9-386C-8B0A-EA52F7768307}
		{5A59060C-46FB-3540-AD7F-68B2817BC10D} = {5A59060C-46FB-3540-AD7F-68B2817BC10D}
	EndProjectSection
EndProject
Project("{8BC9CEB8-8B4A-11D0-8D11-00A0C91BC942}") = "train_net", "tools\train_net.vcxproj", "{283205CD-C70B-3E3F-8F41-55597F6D6C95}"
	ProjectSection(ProjectDependencies) = postProject
		{47A97F50-070E-3D67-B7FE-8C7159184EB7} = {47A97F50-070E-3D67-B7FE-8C7159184EB7}
		{C04C0FBF-257E-357E-9DEC-7198C7D4A15C} = {C04C0FBF-257E-357E-9DEC-7198C7D4A15C}
		{0499560C-ABBB-37B4-A1F5-86EA5B21E675} = {0499560C-ABBB-37B4-A1F5-86EA5B21E675}
		{55486A97-DAB9-386C-8B0A-EA52F7768307} = {55486A97-DAB9-386C-8B0A-EA52F7768307}
		{5A59060C-46FB-3540-AD7F-68B2817BC10D} = {5A59060C-46FB-3540-AD7F-68B2817BC10D}
	EndProjectSection
EndProject
Project("{8BC9CEB8-8B4A-11D0-8D11-00A0C91BC942}") = "upgrade_net_proto_binary", "tools\upgrade_net_proto_binary.vcxproj", "{88812B9D-158B-35F6-A646-58C0574770C2}"
	ProjectSection(ProjectDependencies) = postProject
		{47A97F50-070E-3D67-B7FE-8C7159184EB7} = {47A97F50-070E-3D67-B7FE-8C7159184EB7}
		{C04C0FBF-257E-357E-9DEC-7198C7D4A15C} = {C04C0FBF-257E-357E-9DEC-7198C7D4A15C}
		{0499560C-ABBB-37B4-A1F5-86EA5B21E675} = {0499560C-ABBB-37B4-A1F5-86EA5B21E675}
		{55486A97-DAB9-386C-8B0A-EA52F7768307} = {55486A97-DAB9-386C-8B0A-EA52F7768307}
		{5A59060C-46FB-3540-AD7F-68B2817BC10D} = {5A59060C-46FB-3540-AD7F-68B2817BC10D}
	EndProjectSection
EndProject
Project("{8BC9CEB8-8B4A-11D0-8D11-00A0C91BC942}") = "upgrade_net_proto_text", "tools\upgrade_net_proto_text.vcxproj", "{54B0034E-7C2E-3E13-9736-56F10636C466}"
	ProjectSection(ProjectDependencies) = postProject
		{47A97F50-070E-3D67-B7FE-8C7159184EB7} = {47A97F50-070E-3D67-B7FE-8C7159184EB7}
		{C04C0FBF-257E-357E-9DEC-7198C7D4A15C} = {C04C0FBF-257E-357E-9DEC-7198C7D4A15C}
		{0499560C-ABBB-37B4-A1F5-86EA5B21E675} = {0499560C-ABBB-37B4-A1F5-86EA5B21E675}
		{55486A97-DAB9-386C-8B0A-EA52F7768307} = {55486A97-DAB9-386C-8B0A-EA52F7768307}
		{5A59060C-46FB-3540-AD7F-68B2817BC10D} = {5A59060C-46FB-3540-AD7F-68B2817BC10D}
	EndProjectSection
EndProject
Project("{8BC9CEB8-8B4A-11D0-8D11-00A0C91BC942}") = "upgrade_solver_proto_text", "tools\upgrade_solver_proto_text.vcxproj", "{79F2201D-9077-3678-81CA-69660D86D11D}"
	ProjectSection(ProjectDependencies) = postProject
		{47A97F50-070E-3D67-B7FE-8C7159184EB7} = {47A97F50-070E-3D67-B7FE-8C7159184EB7}
		{C04C0FBF-257E-357E-9DEC-7198C7D4A15C} = {C04C0FBF-257E-357E-9DEC-7198C7D4A15C}
		{0499560C-ABBB-37B4-A1F5-86EA5B21E675} = {0499560C-ABBB-37B4-A1F5-86EA5B21E675}
		{55486A97-DAB9-386C-8B0A-EA52F7768307} = {55486A97-DAB9-386C-8B0A-EA52F7768307}
		{5A59060C-46FB-3540-AD7F-68B2817BC10D} = {5A59060C-46FB-3540-AD7F-68B2817BC10D}
	EndProjectSection
EndProject
Global
	GlobalSection(SolutionConfigurationPlatforms) = preSolution
		Debug|x64 = Debug|x64
		Release|x64 = Release|x64
	EndGlobalSection
	GlobalSection(ProjectConfigurationPlatforms) = postSolution
		{097B6ED3-7917-3F3E-8FBE-7A5905DFFDAE}.Debug|x64.ActiveCfg = Debug|x64
		{097B6ED3-7917-3F3E-8FBE-7A5905DFFDAE}.Debug|x64.Build.0 = Debug|x64
		{097B6ED3-7917-3F3E-8FBE-7A5905DFFDAE}.Release|x64.ActiveCfg = Release|x64
		{097B6ED3-7917-3F3E-8FBE-7A5905DFFDAE}.Release|x64.Build.0 = Release|x64
		{51C0F4E5-509F-3522-B1CF-0CD186ACA0FB}.Debug|x64.ActiveCfg = Debug|x64
		{51C0F4E5-509F-3522-B1CF-0CD186ACA0FB}.Release|x64.ActiveCfg = Release|x64
		{47A97F50-070E-3D67-B7FE-8C7159184EB7}.Debug|x64.ActiveCfg = Debug|x64
		{47A97F50-070E-3D67-B7FE-8C7159184EB7}.Debug|x64.Build.0 = Debug|x64
		{47A97F50-070E-3D67-B7FE-8C7159184EB7}.Release|x64.ActiveCfg = Release|x64
		{47A97F50-070E-3D67-B7FE-8C7159184EB7}.Release|x64.Build.0 = Release|x64
		{C04C0FBF-257E-357E-9DEC-7198C7D4A15C}.Debug|x64.ActiveCfg = Debug|x64
		{C04C0FBF-257E-357E-9DEC-7198C7D4A15C}.Debug|x64.Build.0 = Debug|x64
		{C04C0FBF-257E-357E-9DEC-7198C7D4A15C}.Release|x64.ActiveCfg = Release|x64
		{C04C0FBF-257E-357E-9DEC-7198C7D4A15C}.Release|x64.Build.0 = Release|x64
		{6E4B05CC-7831-32BC-8DBE-1655A309C0A8}.Debug|x64.ActiveCfg = Debug|x64
		{6E4B05CC-7831-32BC-8DBE-1655A309C0A8}.Debug|x64.Build.0 = Debug|x64
		{6E4B05CC-7831-32BC-8DBE-1655A309C0A8}.Release|x64.ActiveCfg = Release|x64
		{6E4B05CC-7831-32BC-8DBE-1655A309C0A8}.Release|x64.Build.0 = Release|x64
		{2D6E9241-D7D0-3D36-BF38-39F934E8BC5F}.Debug|x64.ActiveCfg = Debug|x64
		{2D6E9241-D7D0-3D36-BF38-39F934E8BC5F}.Debug|x64.Build.0 = Debug|x64
		{2D6E9241-D7D0-3D36-BF38-39F934E8BC5F}.Release|x64.ActiveCfg = Release|x64
		{2D6E9241-D7D0-3D36-BF38-39F934E8BC5F}.Release|x64.Build.0 = Release|x64
		{7F0C0A02-8C0C-33EA-BA34-2986E3183FA5}.Debug|x64.ActiveCfg = Debug|x64
		{7F0C0A02-8C0C-33EA-BA34-2986E3183FA5}.Debug|x64.Build.0 = Debug|x64
		{7F0C0A02-8C0C-33EA-BA34-2986E3183FA5}.Release|x64.ActiveCfg = Release|x64
		{7F0C0A02-8C0C-33EA-BA34-2986E3183FA5}.Release|x64.Build.0 = Release|x64
		{12C393F9-6FF6-3CA6-A034-A0EAEA2C2496}.Debug|x64.ActiveCfg = Debug|x64
		{12C393F9-6FF6-3CA6-A034-A0EAEA2C2496}.Debug|x64.Build.0 = Debug|x64
		{12C393F9-6FF6-3CA6-A034-A0EAEA2C2496}.Release|x64.ActiveCfg = Release|x64
		{12C393F9-6FF6-3CA6-A034-A0EAEA2C2496}.Release|x64.Build.0 = Release|x64
		{5AB55144-95C7-3AA3-9C8F-81CF9903A5E3}.Debug|x64.ActiveCfg = Debug|x64
		{5AB55144-95C7-3AA3-9C8F-81CF9903A5E3}.Debug|x64.Build.0 = Debug|x64
		{5AB55144-95C7-3AA3-9C8F-81CF9903A5E3}.Release|x64.ActiveCfg = Release|x64
		{5AB55144-95C7-3AA3-9C8F-81CF9903A5E3}.Release|x64.Build.0 = Release|x64
		{1E98CCC4-AC04-3DAD-98DD-F946BEDD47F3}.Debug|x64.ActiveCfg = Debug|x64
		{1E98CCC4-AC04-3DAD-98DD-F946BEDD47F3}.Debug|x64.Build.0 = Debug|x64
		{1E98CCC4-AC04-3DAD-98DD-F946BEDD47F3}.Release|x64.ActiveCfg = Release|x64
		{1E98CCC4-AC04-3DAD-98DD-F946BEDD47F3}.Release|x64.Build.0 = Release|x64
		{0499560C-ABBB-37B4-A1F5-86EA5B21E675}.Debug|x64.ActiveCfg = Debug|x64
		{0499560C-ABBB-37B4-A1F5-86EA5B21E675}.Debug|x64.Build.0 = Debug|x64
		{0499560C-ABBB-37B4-A1F5-86EA5B21E675}.Release|x64.ActiveCfg = Release|x64
		{0499560C-ABBB-37B4-A1F5-86EA5B21E675}.Release|x64.Build.0 = Release|x64
		{55486A97-DAB9-386C-8B0A-EA52F7768307}.Debug|x64.ActiveCfg = Debug|x64
		{55486A97-DAB9-386C-8B0A-EA52F7768307}.Debug|x64.Build.0 = Debug|x64
		{55486A97-DAB9-386C-8B0A-EA52F7768307}.Release|x64.ActiveCfg = Release|x64
		{55486A97-DAB9-386C-8B0A-EA52F7768307}.Release|x64.Build.0 = Release|x64
		{11785854-072C-3B64-BD56-ECE4B1FC387D}.Debug|x64.ActiveCfg = Debug|x64
		{11785854-072C-3B64-BD56-ECE4B1FC387D}.Debug|x64.Build.0 = Debug|x64
		{11785854-072C-3B64-BD56-ECE4B1FC387D}.Release|x64.ActiveCfg = Release|x64
		{11785854-072C-3B64-BD56-ECE4B1FC387D}.Release|x64.Build.0 = Release|x64
		{1564BF4D-7B0C-33D4-8E61-6033FC092054}.Debug|x64.ActiveCfg = Debug|x64
		{1564BF4D-7B0C-33D4-8E61-6033FC092054}.Release|x64.ActiveCfg = Release|x64
		{64D72FD5-D8B7-35CB-829F-B3E29D37040D}.Debug|x64.ActiveCfg = Debug|x64
		{64D72FD5-D8B7-35CB-829F-B3E29D37040D}.Debug|x64.Build.0 = Debug|x64
		{64D72FD5-D8B7-35CB-829F-B3E29D37040D}.Release|x64.ActiveCfg = Release|x64
		{64D72FD5-D8B7-35CB-829F-B3E29D37040D}.Release|x64.Build.0 = Release|x64
		{5A59060C-46FB-3540-AD7F-68B2817BC10D}.Debug|x64.ActiveCfg = Debug|x64
		{5A59060C-46FB-3540-AD7F-68B2817BC10D}.Debug|x64.Build.0 = Debug|x64
		{5A59060C-46FB-3540-AD7F-68B2817BC10D}.Release|x64.ActiveCfg = Release|x64
		{5A59060C-46FB-3540-AD7F-68B2817BC10D}.Release|x64.Build.0 = Release|x64
		{23F744C9-C39D-351D-AE65-519B10CAF08C}.Debug|x64.ActiveCfg = Debug|x64
		{23F744C9-C39D-351D-AE65-519B10CAF08C}.Debug|x64.Build.0 = Debug|x64
		{23F744C9-C39D-351D-AE65-519B10CAF08C}.Release|x64.ActiveCfg = Release|x64
		{23F744C9-C39D-351D-AE65-519B10CAF08C}.Release|x64.Build.0 = Release|x64
		{0A673749-5CC8-370A-93A9-56790CA10C2D}.Debug|x64.ActiveCfg = Debug|x64
		{0A673749-5CC8-370A-93A9-56790CA10C2D}.Release|x64.ActiveCfg = Release|x64
		{547EE372-E500-338A-A85B-46A82F46A94D}.Debug|x64.ActiveCfg = Debug|x64
		{547EE372-E500-338A-A85B-46A82F46A94D}.Debug|x64.Build.0 = Debug|x64
		{547EE372-E500-338A-A85B-46A82F46A94D}.Release|x64.ActiveCfg = Release|x64
		{547EE372-E500-338A-A85B-46A82F46A94D}.Release|x64.Build.0 = Release|x64
		{4091E10F-DC64-34BF-83D9-E9BF7FAB5175}.Debug|x64.ActiveCfg = Debug|x64
		{4091E10F-DC64-34BF-83D9-E9BF7FAB5175}.Release|x64.ActiveCfg = Release|x64
		{CD32E2D0-51AE-35CF-B39F-9BF8647D43E1}.Debug|x64.ActiveCfg = Debug|x64
		{CD32E2D0-51AE-35CF-B39F-9BF8647D43E1}.Debug|x64.Build.0 = Debug|x64
		{CD32E2D0-51AE-35CF-B39F-9BF8647D43E1}.Release|x64.ActiveCfg = Release|x64
		{CD32E2D0-51AE-35CF-B39F-9BF8647D43E1}.Release|x64.Build.0 = Release|x64
		{6D9FD90C-3CA4-3F3B-A804-3A92FEC89747}.Debug|x64.ActiveCfg = Debug|x64
		{6D9FD90C-3CA4-3F3B-A804-3A92FEC89747}.Debug|x64.Build.0 = Debug|x64
		{6D9FD90C-3CA4-3F3B-A804-3A92FEC89747}.Release|x64.ActiveCfg = Release|x64
		{6D9FD90C-3CA4-3F3B-A804-3A92FEC89747}.Release|x64.Build.0 = Release|x64
		{283205CD-C70B-3E3F-8F41-55597F6D6C95}.Debug|x64.ActiveCfg = Debug|x64
		{283205CD-C70B-3E3F-8F41-55597F6D6C95}.Debug|x64.Build.0 = Debug|x64
		{283205CD-C70B-3E3F-8F41-55597F6D6C95}.Release|x64.ActiveCfg = Release|x64
		{283205CD-C70B-3E3F-8F41-55597F6D6C95}.Release|x64.Build.0 = Release|x64
		{88812B9D-158B-35F6-A646-58C0574770C2}.Debug|x64.ActiveCfg = Debug|x64
		{88812B9D-158B-35F6-A646-58C0574770C2}.Debug|x64.Build.0 = Debug|x64
		{88812B9D-158B-35F6-A646-58C0574770C2}.Release|x64.ActiveCfg = Release|x64
		{88812B9D-158B-35F6-A646-58C0574770C2}.Release|x64.Build.0 = Release|x64
		{54B0034E-7C2E-3E13-9736-56F10636C466}.Debug|x64.ActiveCfg = Debug|x64
		{54B0034E-7C2E-3E13-9736-56F10636C466}.Debug|x64.Build.0 = Debug|x64
		{54B0034E-7C2E-3E13-9736-56F10636C466}.Release|x64.ActiveCfg = Release|x64
		{54B0034E-7C2E-3E13-9736-56F10636C466}.Release|x64.Build.0 = Release|x64
		{79F2201D-9077-3678-81CA-69660D86D11D}.Debug|x64.ActiveCfg = Debug|x64
		{79F2201D-9077-3678-81CA-69660D86D11D}.Debug|x64.Build.0 = Debug|x64
		{79F2201D-9077-3678-81CA-69660D86D11D}.Release|x64.ActiveCfg = Release|x64
		{79F2201D-9077-3678-81CA-69660D86D11D}.Release|x64.Build.0 = Release|x64
	EndGlobalSection
	GlobalSection(NestedProjects) = preSolution
		{097B6ED3-7917-3F3E-8FBE-7A5905DFFDAE} = {F9303CF4-E480-33F9-8117-545F31BF8E53}
		{51C0F4E5-509F-3522-B1CF-0CD186ACA0FB} = {F9303CF4-E480-33F9-8117-545F31BF8E53}
		{47A97F50-070E-3D67-B7FE-8C7159184EB7} = {F9303CF4-E480-33F9-8117-545F31BF8E53}
		{2D1182C4-656E-3497-8056-94CB08DD33EB} = {3E93C08F-3C05-3DA0-B230-0A3AB86A3778}
		{31AF8A94-336F-392B-AA35-E1D780890A50} = {3E93C08F-3C05-3DA0-B230-0A3AB86A3778}
		{0499560C-ABBB-37B4-A1F5-86EA5B21E675} = {2D1182C4-656E-3497-8056-94CB08DD33EB}
		{55486A97-DAB9-386C-8B0A-EA52F7768307} = {31AF8A94-336F-392B-AA35-E1D780890A50}
		{547EE372-E500-338A-A85B-46A82F46A94D} = {0CA22947-0EF7-380D-A902-EFA4351B3B47}
		{6E4B05CC-7831-32BC-8DBE-1655A309C0A8} = {B0F9DDB4-C6B6-3927-9C97-67D2C10DD58A}
		{2D6E9241-D7D0-3D36-BF38-39F934E8BC5F} = {B0F9DDB4-C6B6-3927-9C97-67D2C10DD58A}
		{7F0C0A02-8C0C-33EA-BA34-2986E3183FA5} = {B0F9DDB4-C6B6-3927-9C97-67D2C10DD58A}
		{12C393F9-6FF6-3CA6-A034-A0EAEA2C2496} = {B0F9DDB4-C6B6-3927-9C97-67D2C10DD58A}
		{5AB55144-95C7-3AA3-9C8F-81CF9903A5E3} = {B0F9DDB4-C6B6-3927-9C97-67D2C10DD58A}
		{1E98CCC4-AC04-3DAD-98DD-F946BEDD47F3} = {B0F9DDB4-C6B6-3927-9C97-67D2C10DD58A}
		{64D72FD5-D8B7-35CB-829F-B3E29D37040D} = {B0F9DDB4-C6B6-3927-9C97-67D2C10DD58A}
		{6D9FD90C-3CA4-3F3B-A804-3A92FEC89747} = {B0F9DDB4-C6B6-3927-9C97-67D2C10DD58A}
		{283205CD-C70B-3E3F-8F41-55597F6D6C95} = {B0F9DDB4-C6B6-3927-9C97-67D2C10DD58A}
		{88812B9D-158B-35F6-A646-58C0574770C2} = {B0F9DDB4-C6B6-3927-9C97-67D2C10DD58A}
		{54B0034E-7C2E-3E13-9736-56F10636C466} = {B0F9DDB4-C6B6-3927-9C97-67D2C10DD58A}
		{79F2201D-9077-3678-81CA-69660D86D11D} = {B0F9DDB4-C6B6-3927-9C97-67D2C10DD58A}
	EndGlobalSection
	GlobalSection(ExtensibilityGlobals) = postSolution
	EndGlobalSection
	GlobalSection(ExtensibilityAddIns) = postSolution
	EndGlobalSection
EndGlobal
