<?xml version="1.0" encoding="UTF-8"?>
<Project ToolsVersion="14.0" xmlns="http://schemas.microsoft.com/developer/msbuild/2003">
  <ItemGroup>
    <CustomBuild Include="E:\code\person_pose_estimation\caffe_rtpose-master\caffe_rtpose-master\build_3\CMakeFiles\b3855b36ed5983de44de1a2b94738006\INSTALL_force.rule">
      <Filter>CMake Rules</Filter>
    </CustomBuild>
  </ItemGroup>
  <ItemGroup>
    <Filter Include="CMake Rules">
      <UniqueIdentifier>{86D0A892-74B9-3A53-84FE-CB14EBEA3D09}</UniqueIdentifier>
    </Filter>
  </ItemGroup>
</Project>
