Microsoft Visual Studio Solution File, Format Version 12.00
# Visual Studio 14
Project("{2150E333-8FDC-42A3-9474-1A3956D46DE8}") = "CMakeTargets", "CMakeTargets", "{E0BF521A-283D-38C9-8454-329E1F37B944}"
EndProject
Project("{2150E333-8FDC-42A3-9474-1A3956D46DE8}") = "examples", "examples", "{C443CB73-4BF7-31B8-B36F-BB91BEB826E3}"
EndProject
Project("{2150E333-8FDC-42A3-9474-1A3956D46DE8}") = "tools", "tools", "{C51EF39B-9B5D-31C2-9D3F-FF46F55E3C1F}"
EndProject
Project("{8BC9CEB8-8B4A-11D0-8D11-00A0C91BC942}") = "ALL_BUILD", "ALL_BUILD.vcxproj", "{77FFEC9A-D844-38E9-85C3-782E78C43936}"
	ProjectSection(ProjectDependencies) = postProject
		{64EEBB81-4441-321B-9444-5F3905013EF7} = {64EEBB81-4441-321B-9444-5F3905013EF7}
		{4D9C9A16-5D5C-3E5C-8216-D7AE08A56BF4} = {4D9C9A16-5D5C-3E5C-8216-D7AE08A56BF4}
		{CD773719-C8AD-3AD2-92BB-D4C0CA41EFF0} = {CD773719-C8AD-3AD2-92BB-D4C0CA41EFF0}
		{5D4E1379-E22C-3B1D-AD2F-526725568CA8} = {5D4E1379-E22C-3B1D-AD2F-526725568CA8}
		{229634E4-4993-3C59-AAF6-3430D3848249} = {229634E4-4993-3C59-AAF6-3430D3848249}
		{67A16E86-C85C-3E4A-B60E-7B34750A3E3E} = {67A16E86-C85C-3E4A-B60E-7B34750A3E3E}
		{F6F52F9E-5918-3401-9542-AAFBF99AF485} = {F6F52F9E-5918-3401-9542-AAFBF99AF485}
		{E31DC5A0-BD43-3F4F-827D-7E0758FFF26C} = {E31DC5A0-BD43-3F4F-827D-7E0758FFF26C}
		{5E01B190-AA65-3764-9441-CBD3983529B2} = {5E01B190-AA65-3764-9441-CBD3983529B2}
		{E0328796-85B7-3795-A2CB-253211D857C8} = {E0328796-85B7-3795-A2CB-253211D857C8}
		{83591503-5E9C-30CA-83E2-FC24F1FFA85A} = {83591503-5E9C-30CA-83E2-FC24F1FFA85A}
		{9F70C817-B834-3777-A48D-2CC7C0465B73} = {9F70C817-B834-3777-A48D-2CC7C0465B73}
		{910E7EA4-C2D4-33AB-8353-46AF002B3B0A} = {910E7EA4-C2D4-33AB-8353-46AF002B3B0A}
		{50A926A2-9516-33BC-B187-F2540A238A79} = {50A926A2-9516-33BC-B187-F2540A238A79}
		{A9478E96-2ADB-34E7-A091-8F1B3DFAC56E} = {A9478E96-2ADB-34E7-A091-8F1B3DFAC56E}
		{64F3B3BE-7889-36A5-9745-2BB633418212} = {64F3B3BE-7889-36A5-9745-2BB633418212}
		{32D6F9DD-EEF2-309D-A35A-E7D630442EEF} = {32D6F9DD-EEF2-309D-A35A-E7D630442EEF}
	EndProjectSection
EndProject
Project("{8BC9CEB8-8B4A-11D0-8D11-00A0C91BC942}") = "INSTALL", "INSTALL.vcxproj", "{A1E2AFA2-CA02-3E10-9160-7FC83E5C435F}"
	ProjectSection(ProjectDependencies) = postProject
		{77FFEC9A-D844-38E9-85C3-782E78C43936} = {77FFEC9A-D844-38E9-85C3-782E78C43936}
		{64EEBB81-4441-321B-9444-5F3905013EF7} = {64EEBB81-4441-321B-9444-5F3905013EF7}
	EndProjectSection
EndProject
Project("{8BC9CEB8-8B4A-11D0-8D11-00A0C91BC942}") = "ZERO_CHECK", "ZERO_CHECK.vcxproj", "{64EEBB81-4441-321B-9444-5F3905013EF7}"
	ProjectSection(ProjectDependencies) = postProject
	EndProjectSection
EndProject
Project("{8BC9CEB8-8B4A-11D0-8D11-00A0C91BC942}") = "caffe", "src\caffe\caffe.vcxproj", "{4D9C9A16-5D5C-3E5C-8216-D7AE08A56BF4}"
	ProjectSection(ProjectDependencies) = postProject
		{64EEBB81-4441-321B-9444-5F3905013EF7} = {64EEBB81-4441-321B-9444-5F3905013EF7}
		{E0328796-85B7-3795-A2CB-253211D857C8} = {E0328796-85B7-3795-A2CB-253211D857C8}
	EndProjectSection
EndProject
Project("{8BC9CEB8-8B4A-11D0-8D11-00A0C91BC942}") = "caffe.bin", "tools\caffe.bin.vcxproj", "{CD773719-C8AD-3AD2-92BB-D4C0CA41EFF0}"
	ProjectSection(ProjectDependencies) = postProject
		{64EEBB81-4441-321B-9444-5F3905013EF7} = {64EEBB81-4441-321B-9444-5F3905013EF7}
		{4D9C9A16-5D5C-3E5C-8216-D7AE08A56BF4} = {4D9C9A16-5D5C-3E5C-8216-D7AE08A56BF4}
		{E0328796-85B7-3795-A2CB-253211D857C8} = {E0328796-85B7-3795-A2CB-253211D857C8}
	EndProjectSection
EndProject
Project("{8BC9CEB8-8B4A-11D0-8D11-00A0C91BC942}") = "compute_image_mean", "tools\compute_image_mean.vcxproj", "{5D4E1379-E22C-3B1D-AD2F-526725568CA8}"
	ProjectSection(ProjectDependencies) = postProject
		{64EEBB81-4441-321B-9444-5F3905013EF7} = {64EEBB81-4441-321B-9444-5F3905013EF7}
		{4D9C9A16-5D5C-3E5C-8216-D7AE08A56BF4} = {4D9C9A16-5D5C-3E5C-8216-D7AE08A56BF4}
		{E0328796-85B7-3795-A2CB-253211D857C8} = {E0328796-85B7-3795-A2CB-253211D857C8}
	EndProjectSection
EndProject
Project("{8BC9CEB8-8B4A-11D0-8D11-00A0C91BC942}") = "convert_imageset", "tools\convert_imageset.vcxproj", "{229634E4-4993-3C59-AAF6-3430D3848249}"
	ProjectSection(ProjectDependencies) = postProject
		{64EEBB81-4441-321B-9444-5F3905013EF7} = {64EEBB81-4441-321B-9444-5F3905013EF7}
		{4D9C9A16-5D5C-3E5C-8216-D7AE08A56BF4} = {4D9C9A16-5D5C-3E5C-8216-D7AE08A56BF4}
		{E0328796-85B7-3795-A2CB-253211D857C8} = {E0328796-85B7-3795-A2CB-253211D857C8}
	EndProjectSection
EndProject
Project("{8BC9CEB8-8B4A-11D0-8D11-00A0C91BC942}") = "device_query", "tools\device_query.vcxproj", "{67A16E86-C85C-3E4A-B60E-7B34750A3E3E}"
	ProjectSection(ProjectDependencies) = postProject
		{64EEBB81-4441-321B-9444-5F3905013EF7} = {64EEBB81-4441-321B-9444-5F3905013EF7}
		{4D9C9A16-5D5C-3E5C-8216-D7AE08A56BF4} = {4D9C9A16-5D5C-3E5C-8216-D7AE08A56BF4}
		{E0328796-85B7-3795-A2CB-253211D857C8} = {E0328796-85B7-3795-A2CB-253211D857C8}
	EndProjectSection
EndProject
Project("{8BC9CEB8-8B4A-11D0-8D11-00A0C91BC942}") = "extract_features", "tools\extract_features.vcxproj", "{F6F52F9E-5918-3401-9542-AAFBF99AF485}"
	ProjectSection(ProjectDependencies) = postProject
		{64EEBB81-4441-321B-9444-5F3905013EF7} = {64EEBB81-4441-321B-9444-5F3905013EF7}
		{4D9C9A16-5D5C-3E5C-8216-D7AE08A56BF4} = {4D9C9A16-5D5C-3E5C-8216-D7AE08A56BF4}
		{E0328796-85B7-3795-A2CB-253211D857C8} = {E0328796-85B7-3795-A2CB-253211D857C8}
	EndProjectSection
EndProject
Project("{8BC9CEB8-8B4A-11D0-8D11-00A0C91BC942}") = "finetune_net", "tools\finetune_net.vcxproj", "{E31DC5A0-BD43-3F4F-827D-7E0758FFF26C}"
	ProjectSection(ProjectDependencies) = postProject
		{64EEBB81-4441-321B-9444-5F3905013EF7} = {64EEBB81-4441-321B-9444-5F3905013EF7}
		{4D9C9A16-5D5C-3E5C-8216-D7AE08A56BF4} = {4D9C9A16-5D5C-3E5C-8216-D7AE08A56BF4}
		{E0328796-85B7-3795-A2CB-253211D857C8} = {E0328796-85B7-3795-A2CB-253211D857C8}
	EndProjectSection
EndProject
Project("{8BC9CEB8-8B4A-11D0-8D11-00A0C91BC942}") = "gtest", "src\gtest\gtest.vcxproj", "{EF682037-E75A-3141-AEA6-0D35C49EF238}"
	ProjectSection(ProjectDependencies) = postProject
		{64EEBB81-4441-321B-9444-5F3905013EF7} = {64EEBB81-4441-321B-9444-5F3905013EF7}
	EndProjectSection
EndProject
Project("{8BC9CEB8-8B4A-11D0-8D11-00A0C91BC942}") = "lint", "lint.vcxproj", "{C77E4B8E-C216-3573-BFD5-3D6EA45F729F}"
	ProjectSection(ProjectDependencies) = postProject
		{64EEBB81-4441-321B-9444-5F3905013EF7} = {64EEBB81-4441-321B-9444-5F3905013EF7}
	EndProjectSection
EndProject
Project("{8BC9CEB8-8B4A-11D0-8D11-00A0C91BC942}") = "net_speed_benchmark", "tools\net_speed_benchmark.vcxproj", "{5E01B190-AA65-3764-9441-CBD3983529B2}"
	ProjectSection(ProjectDependencies) = postProject
		{64EEBB81-4441-321B-9444-5F3905013EF7} = {64EEBB81-4441-321B-9444-5F3905013EF7}
		{4D9C9A16-5D5C-3E5C-8216-D7AE08A56BF4} = {4D9C9A16-5D5C-3E5C-8216-D7AE08A56BF4}
		{E0328796-85B7-3795-A2CB-253211D857C8} = {E0328796-85B7-3795-A2CB-253211D857C8}
	EndProjectSection
EndProject
Project("{8BC9CEB8-8B4A-11D0-8D11-00A0C91BC942}") = "proto", "src\caffe\proto.vcxproj", "{E0328796-85B7-3795-A2CB-253211D857C8}"
	ProjectSection(ProjectDependencies) = postProject
		{64EEBB81-4441-321B-9444-5F3905013EF7} = {64EEBB81-4441-321B-9444-5F3905013EF7}
	EndProjectSection
EndProject
Project("{8BC9CEB8-8B4A-11D0-8D11-00A0C91BC942}") = "pycaffe", "python\pycaffe.vcxproj", "{83591503-5E9C-30CA-83E2-FC24F1FFA85A}"
	ProjectSection(ProjectDependencies) = postProject
		{64EEBB81-4441-321B-9444-5F3905013EF7} = {64EEBB81-4441-321B-9444-5F3905013EF7}
		{4D9C9A16-5D5C-3E5C-8216-D7AE08A56BF4} = {4D9C9A16-5D5C-3E5C-8216-D7AE08A56BF4}
		{E0328796-85B7-3795-A2CB-253211D857C8} = {E0328796-85B7-3795-A2CB-253211D857C8}
	EndProjectSection
EndProject
Project("{8BC9CEB8-8B4A-11D0-8D11-00A0C91BC942}") = "pytest", "pytest.vcxproj", "{ED92262E-6A0F-3F22-898A-DD6E8C401788}"
	ProjectSection(ProjectDependencies) = postProject
		{64EEBB81-4441-321B-9444-5F3905013EF7} = {64EEBB81-4441-321B-9444-5F3905013EF7}
		{83591503-5E9C-30CA-83E2-FC24F1FFA85A} = {83591503-5E9C-30CA-83E2-FC24F1FFA85A}
	EndProjectSection
EndProject
Project("{8BC9CEB8-8B4A-11D0-8D11-00A0C91BC942}") = "rtpose", "examples\rtpose.vcxproj", "{9F70C817-B834-3777-A48D-2CC7C0465B73}"
	ProjectSection(ProjectDependencies) = postProject
		{64EEBB81-4441-321B-9444-5F3905013EF7} = {64EEBB81-4441-321B-9444-5F3905013EF7}
		{4D9C9A16-5D5C-3E5C-8216-D7AE08A56BF4} = {4D9C9A16-5D5C-3E5C-8216-D7AE08A56BF4}
		{E0328796-85B7-3795-A2CB-253211D857C8} = {E0328796-85B7-3795-A2CB-253211D857C8}
	EndProjectSection
EndProject
Project("{8BC9CEB8-8B4A-11D0-8D11-00A0C91BC942}") = "runtest", "src\caffe\test\runtest.vcxproj", "{155B41D6-E5D2-3B00-B236-390CB1AA9B14}"
	ProjectSection(ProjectDependencies) = postProject
		{64EEBB81-4441-321B-9444-5F3905013EF7} = {64EEBB81-4441-321B-9444-5F3905013EF7}
		{0B2F1143-E60B-3DD7-9D44-CE75D6D0E7BD} = {0B2F1143-E60B-3DD7-9D44-CE75D6D0E7BD}
	EndProjectSection
EndProject
Project("{8BC9CEB8-8B4A-11D0-8D11-00A0C91BC942}") = "test.testbin", "src\caffe\test\test.testbin.vcxproj", "{0B2F1143-E60B-3DD7-9D44-CE75D6D0E7BD}"
	ProjectSection(ProjectDependencies) = postProject
		{64EEBB81-4441-321B-9444-5F3905013EF7} = {64EEBB81-4441-321B-9444-5F3905013EF7}
		{4D9C9A16-5D5C-3E5C-8216-D7AE08A56BF4} = {4D9C9A16-5D5C-3E5C-8216-D7AE08A56BF4}
		{EF682037-E75A-3141-AEA6-0D35C49EF238} = {EF682037-E75A-3141-AEA6-0D35C49EF238}
		{E0328796-85B7-3795-A2CB-253211D857C8} = {E0328796-85B7-3795-A2CB-253211D857C8}
	EndProjectSection
EndProject
Project("{8BC9CEB8-8B4A-11D0-8D11-00A0C91BC942}") = "test_net", "tools\test_net.vcxproj", "{910E7EA4-C2D4-33AB-8353-46AF002B3B0A}"
	ProjectSection(ProjectDependencies) = postProject
		{64EEBB81-4441-321B-9444-5F3905013EF7} = {64EEBB81-4441-321B-9444-5F3905013EF7}
		{4D9C9A16-5D5C-3E5C-8216-D7AE08A56BF4} = {4D9C9A16-5D5C-3E5C-8216-D7AE08A56BF4}
		{E0328796-85B7-3795-A2CB-253211D857C8} = {E0328796-85B7-3795-A2CB-253211D857C8}
	EndProjectSection
EndProject
Project("{8BC9CEB8-8B4A-11D0-8D11-00A0C91BC942}") = "train_net", "tools\train_net.vcxproj", "{50A926A2-9516-33BC-B187-F2540A238A79}"
	ProjectSection(ProjectDependencies) = postProject
		{64EEBB81-4441-321B-9444-5F3905013EF7} = {64EEBB81-4441-321B-9444-5F3905013EF7}
		{4D9C9A16-5D5C-3E5C-8216-D7AE08A56BF4} = {4D9C9A16-5D5C-3E5C-8216-D7AE08A56BF4}
		{E0328796-85B7-3795-A2CB-253211D857C8} = {E0328796-85B7-3795-A2CB-253211D857C8}
	EndProjectSection
EndProject
Project("{8BC9CEB8-8B4A-11D0-8D11-00A0C91BC942}") = "upgrade_net_proto_binary", "tools\upgrade_net_proto_binary.vcxproj", "{A9478E96-2ADB-34E7-A091-8F1B3DFAC56E}"
	ProjectSection(ProjectDependencies) = postProject
		{64EEBB81-4441-321B-9444-5F3905013EF7} = {64EEBB81-4441-321B-9444-5F3905013EF7}
		{4D9C9A16-5D5C-3E5C-8216-D7AE08A56BF4} = {4D9C9A16-5D5C-3E5C-8216-D7AE08A56BF4}
		{E0328796-85B7-3795-A2CB-253211D857C8} = {E0328796-85B7-3795-A2CB-253211D857C8}
	EndProjectSection
EndProject
Project("{8BC9CEB8-8B4A-11D0-8D11-00A0C91BC942}") = "upgrade_net_proto_text", "tools\upgrade_net_proto_text.vcxproj", "{64F3B3BE-7889-36A5-9745-2BB633418212}"
	ProjectSection(ProjectDependencies) = postProject
		{64EEBB81-4441-321B-9444-5F3905013EF7} = {64EEBB81-4441-321B-9444-5F3905013EF7}
		{4D9C9A16-5D5C-3E5C-8216-D7AE08A56BF4} = {4D9C9A16-5D5C-3E5C-8216-D7AE08A56BF4}
		{E0328796-85B7-3795-A2CB-253211D857C8} = {E0328796-85B7-3795-A2CB-253211D857C8}
	EndProjectSection
EndProject
Project("{8BC9CEB8-8B4A-11D0-8D11-00A0C91BC942}") = "upgrade_solver_proto_text", "tools\upgrade_solver_proto_text.vcxproj", "{32D6F9DD-EEF2-309D-A35A-E7D630442EEF}"
	ProjectSection(ProjectDependencies) = postProject
		{64EEBB81-4441-321B-9444-5F3905013EF7} = {64EEBB81-4441-321B-9444-5F3905013EF7}
		{4D9C9A16-5D5C-3E5C-8216-D7AE08A56BF4} = {4D9C9A16-5D5C-3E5C-8216-D7AE08A56BF4}
		{E0328796-85B7-3795-A2CB-253211D857C8} = {E0328796-85B7-3795-A2CB-253211D857C8}
	EndProjectSection
EndProject
Global
	GlobalSection(SolutionConfigurationPlatforms) = preSolution
		Debug|x64 = Debug|x64
		Release|x64 = Release|x64
	EndGlobalSection
	GlobalSection(ProjectConfigurationPlatforms) = postSolution
		{77FFEC9A-D844-38E9-85C3-782E78C43936}.Debug|x64.ActiveCfg = Debug|x64
		{77FFEC9A-D844-38E9-85C3-782E78C43936}.Debug|x64.Build.0 = Debug|x64
		{77FFEC9A-D844-38E9-85C3-782E78C43936}.Release|x64.ActiveCfg = Release|x64
		{77FFEC9A-D844-38E9-85C3-782E78C43936}.Release|x64.Build.0 = Release|x64
		{A1E2AFA2-CA02-3E10-9160-7FC83E5C435F}.Debug|x64.ActiveCfg = Debug|x64
		{A1E2AFA2-CA02-3E10-9160-7FC83E5C435F}.Release|x64.ActiveCfg = Release|x64
		{64EEBB81-4441-321B-9444-5F3905013EF7}.Debug|x64.ActiveCfg = Debug|x64
		{64EEBB81-4441-321B-9444-5F3905013EF7}.Debug|x64.Build.0 = Debug|x64
		{64EEBB81-4441-321B-9444-5F3905013EF7}.Release|x64.ActiveCfg = Release|x64
		{64EEBB81-4441-321B-9444-5F3905013EF7}.Release|x64.Build.0 = Release|x64
		{4D9C9A16-5D5C-3E5C-8216-D7AE08A56BF4}.Debug|x64.ActiveCfg = Debug|x64
		{4D9C9A16-5D5C-3E5C-8216-D7AE08A56BF4}.Debug|x64.Build.0 = Debug|x64
		{4D9C9A16-5D5C-3E5C-8216-D7AE08A56BF4}.Release|x64.ActiveCfg = Release|x64
		{4D9C9A16-5D5C-3E5C-8216-D7AE08A56BF4}.Release|x64.Build.0 = Release|x64
		{CD773719-C8AD-3AD2-92BB-D4C0CA41EFF0}.Debug|x64.ActiveCfg = Debug|x64
		{CD773719-C8AD-3AD2-92BB-D4C0CA41EFF0}.Debug|x64.Build.0 = Debug|x64
		{CD773719-C8AD-3AD2-92BB-D4C0CA41EFF0}.Release|x64.ActiveCfg = Release|x64
		{CD773719-C8AD-3AD2-92BB-D4C0CA41EFF0}.Release|x64.Build.0 = Release|x64
		{5D4E1379-E22C-3B1D-AD2F-526725568CA8}.Debug|x64.ActiveCfg = Debug|x64
		{5D4E1379-E22C-3B1D-AD2F-526725568CA8}.Debug|x64.Build.0 = Debug|x64
		{5D4E1379-E22C-3B1D-AD2F-526725568CA8}.Release|x64.ActiveCfg = Release|x64
		{5D4E1379-E22C-3B1D-AD2F-526725568CA8}.Release|x64.Build.0 = Release|x64
		{229634E4-4993-3C59-AAF6-3430D3848249}.Debug|x64.ActiveCfg = Debug|x64
		{229634E4-4993-3C59-AAF6-3430D3848249}.Debug|x64.Build.0 = Debug|x64
		{229634E4-4993-3C59-AAF6-3430D3848249}.Release|x64.ActiveCfg = Release|x64
		{229634E4-4993-3C59-AAF6-3430D3848249}.Release|x64.Build.0 = Release|x64
		{67A16E86-C85C-3E4A-B60E-7B34750A3E3E}.Debug|x64.ActiveCfg = Debug|x64
		{67A16E86-C85C-3E4A-B60E-7B34750A3E3E}.Debug|x64.Build.0 = Debug|x64
		{67A16E86-C85C-3E4A-B60E-7B34750A3E3E}.Release|x64.ActiveCfg = Release|x64
		{67A16E86-C85C-3E4A-B60E-7B34750A3E3E}.Release|x64.Build.0 = Release|x64
		{F6F52F9E-5918-3401-9542-AAFBF99AF485}.Debug|x64.ActiveCfg = Debug|x64
		{F6F52F9E-5918-3401-9542-AAFBF99AF485}.Debug|x64.Build.0 = Debug|x64
		{F6F52F9E-5918-3401-9542-AAFBF99AF485}.Release|x64.ActiveCfg = Release|x64
		{F6F52F9E-5918-3401-9542-AAFBF99AF485}.Release|x64.Build.0 = Release|x64
		{E31DC5A0-BD43-3F4F-827D-7E0758FFF26C}.Debug|x64.ActiveCfg = Debug|x64
		{E31DC5A0-BD43-3F4F-827D-7E0758FFF26C}.Debug|x64.Build.0 = Debug|x64
		{E31DC5A0-BD43-3F4F-827D-7E0758FFF26C}.Release|x64.ActiveCfg = Release|x64
		{E31DC5A0-BD43-3F4F-827D-7E0758FFF26C}.Release|x64.Build.0 = Release|x64
		{EF682037-E75A-3141-AEA6-0D35C49EF238}.Debug|x64.ActiveCfg = Debug|x64
		{EF682037-E75A-3141-AEA6-0D35C49EF238}.Debug|x64.Build.0 = Debug|x64
		{EF682037-E75A-3141-AEA6-0D35C49EF238}.Release|x64.ActiveCfg = Release|x64
		{EF682037-E75A-3141-AEA6-0D35C49EF238}.Release|x64.Build.0 = Release|x64
		{C77E4B8E-C216-3573-BFD5-3D6EA45F729F}.Debug|x64.ActiveCfg = Debug|x64
		{C77E4B8E-C216-3573-BFD5-3D6EA45F729F}.Release|x64.ActiveCfg = Release|x64
		{5E01B190-AA65-3764-9441-CBD3983529B2}.Debug|x64.ActiveCfg = Debug|x64
		{5E01B190-AA65-3764-9441-CBD3983529B2}.Debug|x64.Build.0 = Debug|x64
		{5E01B190-AA65-3764-9441-CBD3983529B2}.Release|x64.ActiveCfg = Release|x64
		{5E01B190-AA65-3764-9441-CBD3983529B2}.Release|x64.Build.0 = Release|x64
		{E0328796-85B7-3795-A2CB-253211D857C8}.Debug|x64.ActiveCfg = Debug|x64
		{E0328796-85B7-3795-A2CB-253211D857C8}.Debug|x64.Build.0 = Debug|x64
		{E0328796-85B7-3795-A2CB-253211D857C8}.Release|x64.ActiveCfg = Release|x64
		{E0328796-85B7-3795-A2CB-253211D857C8}.Release|x64.Build.0 = Release|x64
		{83591503-5E9C-30CA-83E2-FC24F1FFA85A}.Debug|x64.ActiveCfg = Debug|x64
		{83591503-5E9C-30CA-83E2-FC24F1FFA85A}.Debug|x64.Build.0 = Debug|x64
		{83591503-5E9C-30CA-83E2-FC24F1FFA85A}.Release|x64.ActiveCfg = Release|x64
		{83591503-5E9C-30CA-83E2-FC24F1FFA85A}.Release|x64.Build.0 = Release|x64
		{ED92262E-6A0F-3F22-898A-DD6E8C401788}.Debug|x64.ActiveCfg = Debug|x64
		{ED92262E-6A0F-3F22-898A-DD6E8C401788}.Release|x64.ActiveCfg = Release|x64
		{9F70C817-B834-3777-A48D-2CC7C0465B73}.Debug|x64.ActiveCfg = Debug|x64
		{9F70C817-B834-3777-A48D-2CC7C0465B73}.Debug|x64.Build.0 = Debug|x64
		{9F70C817-B834-3777-A48D-2CC7C0465B73}.Release|x64.ActiveCfg = Release|x64
		{9F70C817-B834-3777-A48D-2CC7C0465B73}.Release|x64.Build.0 = Release|x64
		{155B41D6-E5D2-3B00-B236-390CB1AA9B14}.Debug|x64.ActiveCfg = Debug|x64
		{155B41D6-E5D2-3B00-B236-390CB1AA9B14}.Release|x64.ActiveCfg = Release|x64
		{0B2F1143-E60B-3DD7-9D44-CE75D6D0E7BD}.Debug|x64.ActiveCfg = Debug|x64
		{0B2F1143-E60B-3DD7-9D44-CE75D6D0E7BD}.Debug|x64.Build.0 = Debug|x64
		{0B2F1143-E60B-3DD7-9D44-CE75D6D0E7BD}.Release|x64.ActiveCfg = Release|x64
		{0B2F1143-E60B-3DD7-9D44-CE75D6D0E7BD}.Release|x64.Build.0 = Release|x64
		{910E7EA4-C2D4-33AB-8353-46AF002B3B0A}.Debug|x64.ActiveCfg = Debug|x64
		{910E7EA4-C2D4-33AB-8353-46AF002B3B0A}.Debug|x64.Build.0 = Debug|x64
		{910E7EA4-C2D4-33AB-8353-46AF002B3B0A}.Release|x64.ActiveCfg = Release|x64
		{910E7EA4-C2D4-33AB-8353-46AF002B3B0A}.Release|x64.Build.0 = Release|x64
		{50A926A2-9516-33BC-B187-F2540A238A79}.Debug|x64.ActiveCfg = Debug|x64
		{50A926A2-9516-33BC-B187-F2540A238A79}.Debug|x64.Build.0 = Debug|x64
		{50A926A2-9516-33BC-B187-F2540A238A79}.Release|x64.ActiveCfg = Release|x64
		{50A926A2-9516-33BC-B187-F2540A238A79}.Release|x64.Build.0 = Release|x64
		{A9478E96-2ADB-34E7-A091-8F1B3DFAC56E}.Debug|x64.ActiveCfg = Debug|x64
		{A9478E96-2ADB-34E7-A091-8F1B3DFAC56E}.Debug|x64.Build.0 = Debug|x64
		{A9478E96-2ADB-34E7-A091-8F1B3DFAC56E}.Release|x64.ActiveCfg = Release|x64
		{A9478E96-2ADB-34E7-A091-8F1B3DFAC56E}.Release|x64.Build.0 = Release|x64
		{64F3B3BE-7889-36A5-9745-2BB633418212}.Debug|x64.ActiveCfg = Debug|x64
		{64F3B3BE-7889-36A5-9745-2BB633418212}.Debug|x64.Build.0 = Debug|x64
		{64F3B3BE-7889-36A5-9745-2BB633418212}.Release|x64.ActiveCfg = Release|x64
		{64F3B3BE-7889-36A5-9745-2BB633418212}.Release|x64.Build.0 = Release|x64
		{32D6F9DD-EEF2-309D-A35A-E7D630442EEF}.Debug|x64.ActiveCfg = Debug|x64
		{32D6F9DD-EEF2-309D-A35A-E7D630442EEF}.Debug|x64.Build.0 = Debug|x64
		{32D6F9DD-EEF2-309D-A35A-E7D630442EEF}.Release|x64.ActiveCfg = Release|x64
		{32D6F9DD-EEF2-309D-A35A-E7D630442EEF}.Release|x64.Build.0 = Release|x64
	EndGlobalSection
	GlobalSection(NestedProjects) = preSolution
		{77FFEC9A-D844-38E9-85C3-782E78C43936} = {E0BF521A-283D-38C9-8454-329E1F37B944}
		{A1E2AFA2-CA02-3E10-9160-7FC83E5C435F} = {E0BF521A-283D-38C9-8454-329E1F37B944}
		{64EEBB81-4441-321B-9444-5F3905013EF7} = {E0BF521A-283D-38C9-8454-329E1F37B944}
		{9F70C817-B834-3777-A48D-2CC7C0465B73} = {C443CB73-4BF7-31B8-B36F-BB91BEB826E3}
		{CD773719-C8AD-3AD2-92BB-D4C0CA41EFF0} = {C51EF39B-9B5D-31C2-9D3F-FF46F55E3C1F}
		{5D4E1379-E22C-3B1D-AD2F-526725568CA8} = {C51EF39B-9B5D-31C2-9D3F-FF46F55E3C1F}
		{229634E4-4993-3C59-AAF6-3430D3848249} = {C51EF39B-9B5D-31C2-9D3F-FF46F55E3C1F}
		{67A16E86-C85C-3E4A-B60E-7B34750A3E3E} = {C51EF39B-9B5D-31C2-9D3F-FF46F55E3C1F}
		{F6F52F9E-5918-3401-9542-AAFBF99AF485} = {C51EF39B-9B5D-31C2-9D3F-FF46F55E3C1F}
		{E31DC5A0-BD43-3F4F-827D-7E0758FFF26C} = {C51EF39B-9B5D-31C2-9D3F-FF46F55E3C1F}
		{5E01B190-AA65-3764-9441-CBD3983529B2} = {C51EF39B-9B5D-31C2-9D3F-FF46F55E3C1F}
		{910E7EA4-C2D4-33AB-8353-46AF002B3B0A} = {C51EF39B-9B5D-31C2-9D3F-FF46F55E3C1F}
		{50A926A2-9516-33BC-B187-F2540A238A79} = {C51EF39B-9B5D-31C2-9D3F-FF46F55E3C1F}
		{A9478E96-2ADB-34E7-A091-8F1B3DFAC56E} = {C51EF39B-9B5D-31C2-9D3F-FF46F55E3C1F}
		{64F3B3BE-7889-36A5-9745-2BB633418212} = {C51EF39B-9B5D-31C2-9D3F-FF46F55E3C1F}
		{32D6F9DD-EEF2-309D-A35A-E7D630442EEF} = {C51EF39B-9B5D-31C2-9D3F-FF46F55E3C1F}
	EndGlobalSection
	GlobalSection(ExtensibilityGlobals) = postSolution
	EndGlobalSection
	GlobalSection(ExtensibilityAddIns) = postSolution
	EndGlobalSection
EndGlobal
